
Microsoft Visual Studio Solution File, Format Version 12.00
# Visual Studio Version 17
VisualStudioVersion = 17.12.35707.178
MinimumVisualStudioVersion = 10.0.40219.1
Project("{FAE04EC0-301F-11D3-BF4B-00C04F79EFBC}") = "ConsoleApp3", "ConsoleApp3\ConsoleApp3.csproj", "{0D0FC9F4-31A6-4BEA-A4E8-C0A2A3697A0C}"
EndProject
Project("{FAE04EC0-301F-11D3-BF4B-00C04F79EFBC}") = "TestProject1", "TestProject1\TestProject1.csproj", "{A1B8B779-0953-4422-A181-0019D9C7216B}"
EndProject
Global
	GlobalSection(SolutionConfigurationPlatforms) = preSolution
		Debug|Any CPU = Debug|Any CPU
		Release|Any CPU = Release|Any CPU
	EndGlobalSection
	GlobalSection(ProjectConfigurationPlatforms) = postSolution
		{0D0FC9F4-31A6-4BEA-A4E8-C0A2A3697A0C}.Debug|Any CPU.ActiveCfg = Debug|Any CPU
		{0D0FC9F4-31A6-4BEA-A4E8-C0A2A3697A0C}.Debug|Any CPU.Build.0 = Debug|Any CPU
		{0D0FC9F4-31A6-4BEA-A4E8-C0A2A3697A0C}.Release|Any CPU.ActiveCfg = Release|Any CPU
		{0D0FC9F4-31A6-4BEA-A4E8-C0A2A3697A0C}.Release|Any CPU.Build.0 = Release|Any CPU
		{A1B8B779-0953-4422-A181-0019D9C7216B}.Debug|Any CPU.ActiveCfg = Debug|Any CPU
		{A1B8B779-0953-4422-A181-0019D9C7216B}.Debug|Any CPU.Build.0 = Debug|Any CPU
		{A1B8B779-0953-4422-A181-0019D9C7216B}.Release|Any CPU.ActiveCfg = Release|Any CPU
		{A1B8B779-0953-4422-A181-0019D9C7216B}.Release|Any CPU.Build.0 = Release|Any CPU
	EndGlobalSection
	GlobalSection(SolutionProperties) = preSolution
		HideSolutionNode = FALSE
	EndGlobalSection
	GlobalSection(ExtensibilityGlobals) = postSolution
		SolutionGuid = {9F5CE763-D533-4310-B556-8A0D2388547C}
	EndGlobalSection
EndGlobal
